
Microsoft Visual Studio Solution File, Format Version 12.00
# Visual Studio Version 17
VisualStudioVersion = 17.11.35303.130
MinimumVisualStudioVersion = 10.0.40219.1
Project("{2150E333-8FDC-42A3-9474-1A3956D46DE8}") = "Client", "Client", "{FB43BBD1-AACA-4058-AEEA-3581C3616C7F}"
EndProject
Project("{FAE04EC0-301F-11D3-BF4B-00C04F79EFBC}") = "DSA.CodeWithMoshAlgorithm", "App\DSA.CodeWithMoshAlgorithm\DSA.CodeWithMoshAlgorithm.csproj", "{FB6770AB-2059-4EF8-9333-F5C9C4FA951D}"
EndProject
Global
	GlobalSection(SolutionConfigurationPlatforms) = preSolution
		Debug|Any CPU = Debug|Any CPU
		Release|Any CPU = Release|Any CPU
	EndGlobalSection
	GlobalSection(ProjectConfigurationPlatforms) = postSolution
		{FB6770AB-2059-4EF8-9333-F5C9C4FA951D}.Debug|Any CPU.ActiveCfg = Debug|Any CPU
		{FB6770AB-2059-4EF8-9333-F5C9C4FA951D}.Debug|Any CPU.Build.0 = Debug|Any CPU
		{FB6770AB-2059-4EF8-9333-F5C9C4FA951D}.Release|Any CPU.ActiveCfg = Release|Any CPU
		{FB6770AB-2059-4EF8-9333-F5C9C4FA951D}.Release|Any CPU.Build.0 = Release|Any CPU
	EndGlobalSection
	GlobalSection(SolutionProperties) = preSolution
		HideSolutionNode = FALSE
	EndGlobalSection
	GlobalSection(NestedProjects) = preSolution
		{FB6770AB-2059-4EF8-9333-F5C9C4FA951D} = {FB43BBD1-AACA-4058-AEEA-3581C3616C7F}
	EndGlobalSection
	GlobalSection(ExtensibilityGlobals) = postSolution
		SolutionGuid = {1F051BAE-1FB1-40B2-843C-66C3DDB5B799}
	EndGlobalSection
EndGlobal
