
Microsoft Visual Studio Solution File, Format Version 12.00
# Visual Studio Version 17
VisualStudioVersion = 17.11.35303.130
MinimumVisualStudioVersion = 10.0.40219.1
Project("{2150E333-8FDC-42A3-9474-1A3956D46DE8}") = "Client", "Client", "{E8B36787-69DB-4A36-98B6-0B7F5F741A8D}"
EndProject
Project("{FAE04EC0-301F-11D3-BF4B-00C04F79EFBC}") = "DSA.GeeksForGeeks", "App\DSA.GeeksForGeeks\DSA.GeeksForGeeks.csproj", "{93A089F7-DD5A-46CE-983C-C88B31C479C9}"
EndProject
Global
	GlobalSection(SolutionConfigurationPlatforms) = preSolution
		Debug|Any CPU = Debug|Any CPU
		Release|Any CPU = Release|Any CPU
	EndGlobalSection
	GlobalSection(ProjectConfigurationPlatforms) = postSolution
		{93A089F7-DD5A-46CE-983C-C88B31C479C9}.Debug|Any CPU.ActiveCfg = Debug|Any CPU
		{93A089F7-DD5A-46CE-983C-C88B31C479C9}.Debug|Any CPU.Build.0 = Debug|Any CPU
		{93A089F7-DD5A-46CE-983C-C88B31C479C9}.Release|Any CPU.ActiveCfg = Release|Any CPU
		{93A089F7-DD5A-46CE-983C-C88B31C479C9}.Release|Any CPU.Build.0 = Release|Any CPU
	EndGlobalSection
	GlobalSection(SolutionProperties) = preSolution
		HideSolutionNode = FALSE
	EndGlobalSection
	GlobalSection(NestedProjects) = preSolution
		{93A089F7-DD5A-46CE-983C-C88B31C479C9} = {E8B36787-69DB-4A36-98B6-0B7F5F741A8D}
	EndGlobalSection
	GlobalSection(ExtensibilityGlobals) = postSolution
		SolutionGuid = {6E0326A6-BD48-48A4-AAAF-1A341FD4178C}
	EndGlobalSection
EndGlobal
