
Microsoft Visual Studio Solution File, Format Version 12.00
# Visual Studio Version 17
VisualStudioVersion = 17.11.35303.130
MinimumVisualStudioVersion = 10.0.40219.1
Project("{2150E333-8FDC-42A3-9474-1A3956D46DE8}") = "Client", "Client", "{139FE55E-B848-449B-AA88-D1A63389A806}"
EndProject
Project("{FAE04EC0-301F-11D3-BF4B-00C04F79EFBC}") = "DSA.Interview", "App\DSA.Interview\DSA.Interview.csproj", "{AFB3465F-E577-4CA6-847D-EC8A3A651F76}"
EndProject
Global
	GlobalSection(SolutionConfigurationPlatforms) = preSolution
		Debug|Any CPU = Debug|Any CPU
		Release|Any CPU = Release|Any CPU
	EndGlobalSection
	GlobalSection(ProjectConfigurationPlatforms) = postSolution
		{AFB3465F-E577-4CA6-847D-EC8A3A651F76}.Debug|Any CPU.ActiveCfg = Debug|Any CPU
		{AFB3465F-E577-4CA6-847D-EC8A3A651F76}.Debug|Any CPU.Build.0 = Debug|Any CPU
		{AFB3465F-E577-4CA6-847D-EC8A3A651F76}.Release|Any CPU.ActiveCfg = Release|Any CPU
		{AFB3465F-E577-4CA6-847D-EC8A3A651F76}.Release|Any CPU.Build.0 = Release|Any CPU
	EndGlobalSection
	GlobalSection(SolutionProperties) = preSolution
		HideSolutionNode = FALSE
	EndGlobalSection
	GlobalSection(NestedProjects) = preSolution
		{AFB3465F-E577-4CA6-847D-EC8A3A651F76} = {139FE55E-B848-449B-AA88-D1A63389A806}
	EndGlobalSection
	GlobalSection(ExtensibilityGlobals) = postSolution
		SolutionGuid = {34C6A91B-82EA-4492-9DE2-3FD011145F9D}
	EndGlobalSection
EndGlobal
