
Microsoft Visual Studio Solution File, Format Version 12.00
# Visual Studio Version 17
VisualStudioVersion = 17.11.35303.130
MinimumVisualStudioVersion = 10.0.40219.1
Project("{2150E333-8FDC-42A3-9474-1A3956D46DE8}") = "Client", "Client", "{0564F181-2DD0-495E-93E5-0E614D544B15}"
EndProject
Project("{FAE04EC0-301F-11D3-BF4B-00C04F79EFBC}") = "DSA.KunalYutube", "App\DSA.KunalYutube\DSA.KunalYutube.csproj", "{BB0B5DAA-6E18-41DD-A03C-9092A5B0F43F}"
EndProject
Global
	GlobalSection(SolutionConfigurationPlatforms) = preSolution
		Debug|Any CPU = Debug|Any CPU
		Release|Any CPU = Release|Any CPU
	EndGlobalSection
	GlobalSection(ProjectConfigurationPlatforms) = postSolution
		{BB0B5DAA-6E18-41DD-A03C-9092A5B0F43F}.Debug|Any CPU.ActiveCfg = Debug|Any CPU
		{BB0B5DAA-6E18-41DD-A03C-9092A5B0F43F}.Debug|Any CPU.Build.0 = Debug|Any CPU
		{BB0B5DAA-6E18-41DD-A03C-9092A5B0F43F}.Release|Any CPU.ActiveCfg = Release|Any CPU
		{BB0B5DAA-6E18-41DD-A03C-9092A5B0F43F}.Release|Any CPU.Build.0 = Release|Any CPU
	EndGlobalSection
	GlobalSection(SolutionProperties) = preSolution
		HideSolutionNode = FALSE
	EndGlobalSection
	GlobalSection(NestedProjects) = preSolution
		{BB0B5DAA-6E18-41DD-A03C-9092A5B0F43F} = {0564F181-2DD0-495E-93E5-0E614D544B15}
	EndGlobalSection
	GlobalSection(ExtensibilityGlobals) = postSolution
		SolutionGuid = {7BCD1CD7-9BFD-42D6-9B85-01C9416A8D25}
	EndGlobalSection
EndGlobal
